
Microsoft Visual Studio Solution File, Format Version 12.00
Project("{FAE04EC0-301F-11D3-BF4B-00C04F79EFBC}") = "CheatEnabler", "CheatEnabler\CheatEnabler.csproj", "{F9F16B62-D1D3-466B-BE22-E64B9EA957C2}"
EndProject
Project("{FAE04EC0-301F-11D3-BF4B-00C04F79EFBC}") = "LogisticMiner", "LogisticMiner\LogisticMiner.csproj", "{7149D717-C913-4153-9425-38CB9D087F83}"
EndProject
Project("{FAE04EC0-301F-11D3-BF4B-00C04F79EFBC}") = "HideTips", "HideTips\HideTips.csproj", "{4EABD71D-477F-448B-801B-48F8745A3FA7}"
EndProject
Project("{FAE04EC0-301F-11D3-BF4B-00C04F79EFBC}") = "Dustbin", "Dustbin\Dustbin.csproj", "{931F0230-5941-4E49-AB19-66921AF14096}"
EndProject
Project("{FAE04EC0-301F-11D3-BF4B-00C04F79EFBC}") = "CompressSave", "CompressSave\CompressSave.csproj", "{A283A918-207F-4DD7-A098-F99EBE610558}"
EndProject
Project("{FAE04EC0-301F-11D3-BF4B-00C04F79EFBC}") = "OCBatchBuild", "OCBatchBuild\OCBatchBuild.csproj", "{E8FB30A0-29BF-4CF0-8E08-9784962A8656}"
EndProject
Project("{FAE04EC0-301F-11D3-BF4B-00C04F79EFBC}") = "UniverseGenTweaks", "UniverseGenTweaks\UniverseGenTweaks.csproj", "{9534694E-14F0-4498-852D-BBB3FCA986CD}"
EndProject
Project("{FAE04EC0-301F-11D3-BF4B-00C04F79EFBC}") = "OverclockEverything", "OverclockEverything\OverclockEverything.csproj", "{0168941C-EEA6-49CF-9A67-E829FE06CF9B}"
EndProject
Project("{FAE04EC0-301F-11D3-BF4B-00C04F79EFBC}") = "MechaDronesTweaks", "MechaDronesTweaks\MechaDronesTweaks.csproj", "{15B8BC2E-93E0-4454-8F8F-BF1FA8DC90F4}"
EndProject
Project("{FAE04EC0-301F-11D3-BF4B-00C04F79EFBC}") = "LabOpt", "LabOpt\LabOpt.csproj", "{DD76B77C-68D8-4A4C-B98E-CBEECEDC49FB}"
	ProjectSection(ProjectDependencies) = postProject
		{F2D5EBE8-7D9D-4572-9A3E-4DD1114FD99F} = {F2D5EBE8-7D9D-4572-9A3E-4DD1114FD99F}
	EndProjectSection
EndProject
Project("{FAE04EC0-301F-11D3-BF4B-00C04F79EFBC}") = "LabOptPreloader", "LabOptPreloader\LabOptPreloader.csproj", "{F2D5EBE8-7D9D-4572-9A3E-4DD1114FD99F}"
EndProject
Project("{FAE04EC0-301F-11D3-BF4B-00C04F79EFBC}") = "DustbinPreloader", "DustbinPreloader\DustbinPreloader.csproj", "{B8EB3D8D-5613-42F0-9040-EAA11A38C6AC}"
EndProject
Project("{FAE04EC0-301F-11D3-BF4B-00C04F79EFBC}") = "PoolOpt", "PoolOpt\PoolOpt.csproj", "{8BE61246-2C9D-4088-AA33-5AFF22C5046E}"
EndProject
Project("{FAE04EC0-301F-11D3-BF4B-00C04F79EFBC}") = "UXAssist", "UXAssist\UXAssist.csproj", "{9C048229-6A50-4642-BC5E-02CD39D3869A}"
EndProject
Global
	GlobalSection(SolutionConfigurationPlatforms) = preSolution
		Debug|Any CPU = Debug|Any CPU
		Release|Any CPU = Release|Any CPU
	EndGlobalSection
	GlobalSection(ProjectConfigurationPlatforms) = postSolution
		{F9F16B62-D1D3-466B-BE22-E64B9EA957C2}.Debug|Any CPU.ActiveCfg = Debug|Any CPU
		{F9F16B62-D1D3-466B-BE22-E64B9EA957C2}.Debug|Any CPU.Build.0 = Debug|Any CPU
		{F9F16B62-D1D3-466B-BE22-E64B9EA957C2}.Release|Any CPU.ActiveCfg = Release|Any CPU
		{F9F16B62-D1D3-466B-BE22-E64B9EA957C2}.Release|Any CPU.Build.0 = Release|Any CPU
		{7149D717-C913-4153-9425-38CB9D087F83}.Debug|Any CPU.ActiveCfg = Debug|Any CPU
		{7149D717-C913-4153-9425-38CB9D087F83}.Debug|Any CPU.Build.0 = Debug|Any CPU
		{7149D717-C913-4153-9425-38CB9D087F83}.Release|Any CPU.ActiveCfg = Release|Any CPU
		{7149D717-C913-4153-9425-38CB9D087F83}.Release|Any CPU.Build.0 = Release|Any CPU
		{4EABD71D-477F-448B-801B-48F8745A3FA7}.Debug|Any CPU.ActiveCfg = Debug|Any CPU
		{4EABD71D-477F-448B-801B-48F8745A3FA7}.Debug|Any CPU.Build.0 = Debug|Any CPU
		{4EABD71D-477F-448B-801B-48F8745A3FA7}.Release|Any CPU.ActiveCfg = Release|Any CPU
		{4EABD71D-477F-448B-801B-48F8745A3FA7}.Release|Any CPU.Build.0 = Release|Any CPU
		{931F0230-5941-4E49-AB19-66921AF14096}.Debug|Any CPU.ActiveCfg = Debug|Any CPU
		{931F0230-5941-4E49-AB19-66921AF14096}.Debug|Any CPU.Build.0 = Debug|Any CPU
		{931F0230-5941-4E49-AB19-66921AF14096}.Release|Any CPU.ActiveCfg = Release|Any CPU
		{931F0230-5941-4E49-AB19-66921AF14096}.Release|Any CPU.Build.0 = Release|Any CPU
		{A283A918-207F-4DD7-A098-F99EBE610558}.Debug|Any CPU.ActiveCfg = Debug|Any CPU
		{A283A918-207F-4DD7-A098-F99EBE610558}.Debug|Any CPU.Build.0 = Debug|Any CPU
		{A283A918-207F-4DD7-A098-F99EBE610558}.Release|Any CPU.ActiveCfg = Release|Any CPU
		{A283A918-207F-4DD7-A098-F99EBE610558}.Release|Any CPU.Build.0 = Release|Any CPU
		{E8FB30A0-29BF-4CF0-8E08-9784962A8656}.Debug|Any CPU.ActiveCfg = Debug|Any CPU
		{E8FB30A0-29BF-4CF0-8E08-9784962A8656}.Debug|Any CPU.Build.0 = Debug|Any CPU
		{E8FB30A0-29BF-4CF0-8E08-9784962A8656}.Release|Any CPU.ActiveCfg = Release|Any CPU
		{E8FB30A0-29BF-4CF0-8E08-9784962A8656}.Release|Any CPU.Build.0 = Release|Any CPU
		{9534694E-14F0-4498-852D-BBB3FCA986CD}.Debug|Any CPU.ActiveCfg = Debug|Any CPU
		{9534694E-14F0-4498-852D-BBB3FCA986CD}.Debug|Any CPU.Build.0 = Debug|Any CPU
		{9534694E-14F0-4498-852D-BBB3FCA986CD}.Release|Any CPU.ActiveCfg = Release|Any CPU
		{9534694E-14F0-4498-852D-BBB3FCA986CD}.Release|Any CPU.Build.0 = Release|Any CPU
		{0168941C-EEA6-49CF-9A67-E829FE06CF9B}.Debug|Any CPU.ActiveCfg = Debug|Any CPU
		{0168941C-EEA6-49CF-9A67-E829FE06CF9B}.Debug|Any CPU.Build.0 = Debug|Any CPU
		{0168941C-EEA6-49CF-9A67-E829FE06CF9B}.Release|Any CPU.ActiveCfg = Release|Any CPU
		{0168941C-EEA6-49CF-9A67-E829FE06CF9B}.Release|Any CPU.Build.0 = Release|Any CPU
		{15B8BC2E-93E0-4454-8F8F-BF1FA8DC90F4}.Debug|Any CPU.ActiveCfg = Debug|Any CPU
		{15B8BC2E-93E0-4454-8F8F-BF1FA8DC90F4}.Debug|Any CPU.Build.0 = Debug|Any CPU
		{15B8BC2E-93E0-4454-8F8F-BF1FA8DC90F4}.Release|Any CPU.ActiveCfg = Release|Any CPU
		{15B8BC2E-93E0-4454-8F8F-BF1FA8DC90F4}.Release|Any CPU.Build.0 = Release|Any CPU
		{DD76B77C-68D8-4A4C-B98E-CBEECEDC49FB}.Debug|Any CPU.ActiveCfg = Debug|Any CPU
		{DD76B77C-68D8-4A4C-B98E-CBEECEDC49FB}.Debug|Any CPU.Build.0 = Debug|Any CPU
		{DD76B77C-68D8-4A4C-B98E-CBEECEDC49FB}.Release|Any CPU.ActiveCfg = Release|Any CPU
		{DD76B77C-68D8-4A4C-B98E-CBEECEDC49FB}.Release|Any CPU.Build.0 = Release|Any CPU
		{F2D5EBE8-7D9D-4572-9A3E-4DD1114FD99F}.Debug|Any CPU.ActiveCfg = Debug|Any CPU
		{F2D5EBE8-7D9D-4572-9A3E-4DD1114FD99F}.Debug|Any CPU.Build.0 = Debug|Any CPU
		{F2D5EBE8-7D9D-4572-9A3E-4DD1114FD99F}.Release|Any CPU.ActiveCfg = Release|Any CPU
		{F2D5EBE8-7D9D-4572-9A3E-4DD1114FD99F}.Release|Any CPU.Build.0 = Release|Any CPU
		{B8EB3D8D-5613-42F0-9040-EAA11A38C6AC}.Debug|Any CPU.ActiveCfg = Debug|Any CPU
		{B8EB3D8D-5613-42F0-9040-EAA11A38C6AC}.Debug|Any CPU.Build.0 = Debug|Any CPU
		{B8EB3D8D-5613-42F0-9040-EAA11A38C6AC}.Release|Any CPU.ActiveCfg = Release|Any CPU
		{B8EB3D8D-5613-42F0-9040-EAA11A38C6AC}.Release|Any CPU.Build.0 = Release|Any CPU
		{8BE61246-2C9D-4088-AA33-5AFF22C5046E}.Debug|Any CPU.ActiveCfg = Debug|Any CPU
		{8BE61246-2C9D-4088-AA33-5AFF22C5046E}.Debug|Any CPU.Build.0 = Debug|Any CPU
		{8BE61246-2C9D-4088-AA33-5AFF22C5046E}.Release|Any CPU.ActiveCfg = Release|Any CPU
		{8BE61246-2C9D-4088-AA33-5AFF22C5046E}.Release|Any CPU.Build.0 = Release|Any CPU
		{9C048229-6A50-4642-BC5E-02CD39D3869A}.Debug|Any CPU.ActiveCfg = Debug|Any CPU
		{9C048229-6A50-4642-BC5E-02CD39D3869A}.Debug|Any CPU.Build.0 = Debug|Any CPU
		{9C048229-6A50-4642-BC5E-02CD39D3869A}.Release|Any CPU.ActiveCfg = Release|Any CPU
		{9C048229-6A50-4642-BC5E-02CD39D3869A}.Release|Any CPU.Build.0 = Release|Any CPU
	EndGlobalSection
EndGlobal
