{
  "version": 1,
  "dependencies": {
    ".NETFramework,Version=v4.7.2": {
      "BepInEx.Core": {
        "type": "Direct",
        "requested": "[5.*, )",
        "resolved": "5.4.21",
        "contentHash": "NMUPlbHTTfJ+qIQCI90uIvjuUQ4wnwt4cpRsK3ItBh1DhsWFzAHXNiZjBxZkPysljEKQ2iu89sxMTga4bxBXVQ==",
        "dependencies": {
          "BepInEx.BaseLib": "5.4.20",
          "HarmonyX": "2.7.0"
        }
      },
      "BepInEx.PluginInfoProps": {
        "type": "Direct",
        "requested": "[1.*, )",
        "resolved": "1.1.0",
        "contentHash": "RqM3aaGs8Hc2m0D+8aSt9mv09rCMYNIF35NB3D6KA2zSpcXJh/9ZVWrPlIUJfA8KYzodSWcCMUexEW24fjwR3w=="
      },
      "Microsoft.AspNetCore.Hosting": {
        "type": "Direct",
        "requested": "[2.3.13, )",
        "resolved": "2.3.13",
        "contentHash": "hNB7B9mtUzrJ9T8qZe8Dvm9DqSSLIASCihVqHDbq2gWGKkF6bQ3qw1Oo2PLqMCsTzf9F2sAPo9V3LO8cMP3ZNg==",
        "dependencies": {
          "Microsoft.AspNetCore.Hosting.Abstractions": "2.3.12",
          "Microsoft.AspNetCore.Http": "2.3.12",
          "Microsoft.AspNetCore.Http.Extensions": "2.3.12",
          "Microsoft.Extensions.Configuration": "8.0.0",
          "Microsoft.Extensions.Configuration.EnvironmentVariables": "8.0.0",
          "Microsoft.Extensions.Configuration.FileExtensions": "8.0.1",
          "Microsoft.Extensions.DependencyInjection": "8.0.1",
          "Microsoft.Extensions.FileProviders.Physical": "8.0.0",
          "Microsoft.Extensions.Hosting.Abstractions": "8.0.1",
          "Microsoft.Extensions.Logging": "8.0.1",
          "Microsoft.Extensions.Logging.Debug": "8.0.1",
          "Microsoft.Extensions.Options": "8.0.2",
          "System.Diagnostics.DiagnosticSource": "8.0.1",
          "System.Reflection.Metadata": "8.0.1"
        }
      },
      "Microsoft.AspNetCore.Http": {
        "type": "Direct",
        "requested": "[2.3.13, )",
        "resolved": "2.3.13",
        "contentHash": "6dSurGknKDspLgtKkqGw5SlDp8qpeaZ31P9RWiDsdT+CnecbNP8HgXPrAQthsIuV25FIKzfwF7VCC0JTRHtRqA==",
        "dependencies": {
          "Microsoft.AspNetCore.Http.Abstractions": "2.3.12",
          "Microsoft.AspNetCore.WebUtilities": "2.3.12",
          "Microsoft.Extensions.ObjectPool": "8.0.11",
          "Microsoft.Extensions.Options": "8.0.2",
          "Microsoft.Net.Http.Headers": "2.3.12"
        }
      },
      "Microsoft.AspNetCore.Server.Kestrel": {
        "type": "Direct",
        "requested": "[2.3.13, )",
        "resolved": "2.3.13",
        "contentHash": "E39NfUxxS6EGfKdUmRUU8789BDxX3Au675HaKLs3Z+EP0R6cn3iUEqYt9msHQJ0JFTJwmqt8i25GeYc8/m7w9Q==",
        "dependencies": {
          "Microsoft.AspNetCore.Hosting": "2.3.12",
          "Microsoft.AspNetCore.Server.Kestrel.Core": "2.3.12",
          "Microsoft.AspNetCore.Server.Kestrel.Https": "2.3.12",
          "Microsoft.AspNetCore.Server.Kestrel.Transport.Sockets": "2.3.13",
          "System.IO.Pipelines": "8.0.0"
        }
      },
      "Microsoft.AspNetCore.Server.Kestrel.Core": {
        "type": "Direct",
        "requested": "[2.3.13, )",
        "resolved": "2.3.13",
        "contentHash": "mSxCuFfUJfDT+dGiXaLPT+fRsfxwIrlS1HlAIVjGEDBbxqLk/QQbI9r29xv32Yyw6tUejNAFBh/bGcEkw2Y0UA==",
        "dependencies": {
          "Microsoft.AspNetCore.Hosting.Abstractions": "2.3.12",
          "Microsoft.AspNetCore.Server.Kestrel.Transport.Abstractions": "2.3.12",
          "Microsoft.AspNetCore.WebUtilities": "2.3.12",
          "Microsoft.Extensions.Configuration": "8.0.0",
          "Microsoft.Extensions.Configuration.Binder": "8.0.2",
          "Microsoft.Extensions.Logging.Abstractions": "8.0.2",
          "Microsoft.Extensions.Options": "8.0.2",
          "Microsoft.Net.Http.Headers": "2.3.12",
          "System.Memory": "4.6.0",
          "System.Numerics.Vectors": "4.6.0",
          "System.Runtime.CompilerServices.Unsafe": "6.1.0",
          "System.Security.Cryptography.Cng": "5.0.0",
          "System.Threading.Tasks.Extensions": "4.6.0"
        }
      },
      "Microsoft.AspNetCore.Server.Kestrel.Transport.Sockets": {
        "type": "Direct",
        "requested": "[2.3.13, )",
        "resolved": "2.3.13",
        "contentHash": "l3URJm6IoIczXezQ1UgzCeFgak3fK781uovNKkS3Qrh9hQbsHDx0wMt3Qf9NuKyOVwkEreIB5oF/NLIb/k0N9A==",
        "dependencies": {
          "Microsoft.AspNetCore.Hosting.Abstractions": "2.3.12",
          "Microsoft.AspNetCore.Server.Kestrel.Transport.Abstractions": "2.3.12",
          "Microsoft.Extensions.Options": "8.0.2"
        }
      },
      "Microsoft.AspNetCore.WebSockets": {
        "type": "Direct",
        "requested": "[2.3.13, )",
        "resolved": "2.3.13",
        "contentHash": "9NRfb/pnNMffdqQC+AJiseOmum+Y7guPekFGJjO921EMsr/S9e0ZZ3ouoO10tlZPiJBhMHrHe6pqcUcZddFKww==",
        "dependencies": {
          "Microsoft.AspNetCore.Http.Extensions": "2.3.12",
          "Microsoft.Extensions.Options": "8.0.2",
          "System.Net.WebSockets.WebSocketProtocol": "5.1.0"
        }
      },
      "Microsoft.NETFramework.ReferenceAssemblies": {
        "type": "Direct",
        "requested": "[1.0.3, )",
        "resolved": "1.0.3",
        "contentHash": "vUc9Npcs14QsyOD01tnv/m8sQUnGTGOw1BCmKcv77LBJY7OxhJ+zJF7UD/sCL3lYNFuqmQEVlkfS4Quif6FyYg==",
        "dependencies": {
          "Microsoft.NETFramework.ReferenceAssemblies.net472": "1.0.3"
        }
      },
      "Newtonsoft.Json": {
        "type": "Direct",
        "requested": "[13.0.3, )",
        "resolved": "13.0.3",
        "contentHash": "HrC5BXdl00IP9zeV+0Z848QWPAoCr9P3bDEZguI+gkLcBKAOxix/tLEAAHC+UvDNPv4a2d18lOReHMOagPa+zQ=="
      },
      "System.Net.WebSockets.WebSocketProtocol": {
        "type": "Direct",
        "requested": "[5.1.3, )",
        "resolved": "5.1.3",
        "contentHash": "n236SAZz8HzZe1BEessCoAFh+QhAXq6jgc7qkQ5hi0iEcTra21Q5o4Utm5Ln92SOWcn/Sz+YdMGJQteb/7SISg==",
        "dependencies": {
          "System.Buffers": "4.6.1",
          "System.Memory": "4.6.3",
          "System.Numerics.Vectors": "4.6.1",
          "System.Runtime.CompilerServices.Unsafe": "6.1.2",
          "System.Threading.Tasks.Extensions": "4.6.3"
        }
      },
      "UnityEngine.Modules": {
        "type": "Direct",
        "requested": "[2022.3.62, )",
        "resolved": "2022.3.62",
        "contentHash": "zpu5dELUCFt7Rvvzp50iTrfVusJg+2gmlcaytGEoHYuIP+AOv57X272czjp+sA8N1onPo/IiHFnOEFtT9rLJBA=="
      },
      "BepInEx.BaseLib": {
        "type": "Transitive",
        "resolved": "5.4.20",
        "contentHash": "0bXgYxbCEN2Ixp3kiFEhyw+RASeFQeg/ww+lbMt7if6XMeVS60eg6epNsMA8Jbx57dmNOzNevkKKw8mP8SUMqw=="
      },
      "DysonSphereProgram.Modding.CommonAPI": {
        "type": "Transitive",
        "resolved": "1.6.5",
        "contentHash": "1VJ3hNzvmmk6aekCF0RtmOl4vbaDtQscDNNDhIvpmMQEh3j1wESezWPPVyrQB4/+0uVlDgRoqTOJo6RS74XpIQ==",
        "dependencies": {
          "DysonSphereProgram.Modding.DSPModSave": "1.2.0",
          "DysonSphereProgram.Modding.LDBTool": "3.0.0",
          "DysonSphereProgram.Modding.NebulaMultiplayerModApi": "2.0.0"
        }
      },
      "DysonSphereProgram.Modding.DSPModSave": {
        "type": "Transitive",
        "resolved": "1.2.0",
        "contentHash": "i70jjFTXtvE0UfD2PLqlkkLhF317KrcVl1W/PFoza9nWsAZuz12pyVaUS6h35hkqVN4k8ZODkVn2UpFiVr07aw=="
      },
      "DysonSphereProgram.Modding.LDBTool": {
        "type": "Transitive",
        "resolved": "3.0.0",
        "contentHash": "RY9gnVs6X6RQ5pdOrtEIYFuKijQXYZG8kcAeUEjZz+WvkmqI23igUhHFYrmTz25WGbtGzsle06fbG0K4bA0rZQ=="
      },
      "DysonSphereProgram.Modding.NebulaMultiplayerModApi": {
        "type": "Transitive",
        "resolved": "2.0.0",
        "contentHash": "ExoBArVwtbUpn2r1tTSE12sPQVxeBzmzC3MqDMxuhZTz8wgEl2RLT/USLy7DDaoK7XMAjXi29DBjopxSmsYPMA=="
      },
      "HarmonyX": {
        "type": "Transitive",
        "resolved": "2.7.0",
        "contentHash": "lec/SkduQspMa3Pi/nM/NSvA84Za8HCCWA8ybdToKiTqnBZa+JC5g6rxoFQCg/1vNuYcvjy77edePZzIEsRmvw==",
        "dependencies": {
          "MonoMod.RuntimeDetour": "21.12.13.1"
        }
      },
      "Microsoft.AspNetCore.Connections.Abstractions": {
        "type": "Transitive",
        "resolved": "2.3.11",
        "contentHash": "lS3+85IKCaoJLqyep27kE6qd9VUB5VVGqCl4xl+gVwoidN/qH29kT7UTSncUvV2bHyc62erOHprTwVqjZb+0Aw==",
        "dependencies": {
          "Microsoft.AspNetCore.Http.Features": "2.3.10",
          "System.IO.Pipelines": "8.0.0"
        }
      },
      "Microsoft.AspNetCore.Hosting.Abstractions": {
        "type": "Transitive",
        "resolved": "2.3.12",
        "contentHash": "jSEvM9Ot0ok4VIT8R5JNOSiLTay+sFBp1vCwiqWPqaY3HuvK0EAr8YfqOkxDnWw5nqyC5Z3asJ2NuddLNVzXGA==",
        "dependencies": {
          "Microsoft.AspNetCore.Hosting.Server.Abstractions": "2.3.11",
          "Microsoft.AspNetCore.Http.Abstractions": "2.3.11",
          "Microsoft.Extensions.Hosting.Abstractions": "8.0.1"
        }
      },
      "Microsoft.AspNetCore.Hosting.Server.Abstractions": {
        "type": "Transitive",
        "resolved": "2.3.11",
        "contentHash": "LMp90i+SDiogwqOybUn8T6uZ0E3wmfKxZpUUMUWo/mWkaxTFtzFPTj/VU0G5ZEgYQdz6oPSwSpkoV6pzikt9Qg==",
        "dependencies": {
          "Microsoft.AspNetCore.Http.Features": "2.3.10",
          "Microsoft.Extensions.Configuration.Abstractions": "8.0.0"
        }
      },
      "Microsoft.AspNetCore.Http.Abstractions": {
        "type": "Transitive",
        "resolved": "2.3.12",
        "contentHash": "Mc1UKKSU8PmOWqpNdfpRYmqotmoQlsL1SAYwLHIIlTDayjyKng3UVn5+b+mPAEp31vU4ozy0CYeRYvCPqzdxZw==",
        "dependencies": {
          "Microsoft.AspNetCore.Http.Features": "2.3.11",
          "System.Text.Encodings.Web": "8.0.0"
        }
      },
      "Microsoft.AspNetCore.Http.Extensions": {
        "type": "Transitive",
        "resolved": "2.3.12",
        "contentHash": "qMK/Q25fj2R97RNNnbK2WmQTBN6wAa1t0sWSyOb3XA8JYkZTGxWjoVJ3P7ntdmEdV8EVfTrV1DCQl390GAOeXg==",
        "dependencies": {
          "Microsoft.AspNetCore.Http.Abstractions": "2.3.11",
          "Microsoft.Extensions.FileProviders.Abstractions": "8.0.0",
          "Microsoft.Net.Http.Headers": "2.3.11",
          "System.Buffers": "4.6.0"
        }
      },
      "Microsoft.AspNetCore.Http.Features": {
        "type": "Transitive",
        "resolved": "2.3.11",
        "contentHash": "TRQWR0vHBUUAEynbgCI3/MRf4+xRj8TsljoUPYxqiombhYhoEYHnr1sowozU1L/OyJHkPdm2IscJ9JBa0kcgbw==",
        "dependencies": {
          "Microsoft.Extensions.Primitives": "8.0.0"
        }
      },
      "Microsoft.AspNetCore.Server.Kestrel.Https": {
        "type": "Transitive",
        "resolved": "2.3.12",
        "contentHash": "WYgEPYGQStLbv8mDjM5vZ4G42inArjFQlfqZfHXLWTDabn7dFoCJMtArFITQO0ufXBnhLxT/mzpLTaBD63jI1Q==",
        "dependencies": {
          "Microsoft.AspNetCore.Http.Abstractions": "2.3.11",
          "Microsoft.AspNetCore.Server.Kestrel.Core": "2.3.11"
        }
      },
      "Microsoft.AspNetCore.Server.Kestrel.Transport.Abstractions": {
        "type": "Transitive",
        "resolved": "2.3.12",
        "contentHash": "JMmL1DrpgaeEHE3jCavNFShBS1q9zt3u0PzdUSSqWHBep5MXnidbPyuHW+fIOeWVwEnN5GwXj8VINx+qyjFSAg==",
        "dependencies": {
          "Microsoft.AspNetCore.Connections.Abstractions": "2.3.11",
          "System.IO.Pipelines": "8.0.0"
        }
      },
      "Microsoft.AspNetCore.WebUtilities": {
        "type": "Transitive",
        "resolved": "2.3.12",
        "contentHash": "wzbAsF9N+9Eftg7+daZwPbfuT8wFQlD1duV/OPHNw5twVVgWkSjjens9QQ4ZrXSY6sd1nRYE6RZGUtZt5NaENA==",
        "dependencies": {
          "Microsoft.Net.Http.Headers": "2.3.11",
          "System.Text.Encodings.Web": "8.0.0"
        }
      },
      "Microsoft.Bcl.AsyncInterfaces": {
        "type": "Transitive",
        "resolved": "8.0.0",
        "contentHash": "3WA9q9yVqJp222P3x1wYIGDAkpjAku0TMUaaQV22g6L67AI0LdOIrVS7Ht2vJfLHGSPVuqN94vIr15qn+HEkHw==",
        "dependencies": {
          "System.Threading.Tasks.Extensions": "4.5.4"
        }
      },
      "Microsoft.Extensions.Configuration": {
        "type": "Transitive",
        "resolved": "8.0.0",
        "contentHash": "0J/9YNXTMWSZP2p2+nvl8p71zpSwokZXZuJW+VjdErkegAnFdO1XlqtA62SJtgVYHdKu3uPxJHcMR/r35HwFBA==",
        "dependencies": {
          "Microsoft.Extensions.Configuration.Abstractions": "8.0.0",
          "Microsoft.Extensions.Primitives": "8.0.0"
        }
      },
      "Microsoft.Extensions.Configuration.Abstractions": {
        "type": "Transitive",
        "resolved": "8.0.0",
        "contentHash": "3lE/iLSutpgX1CC0NOW70FJoGARRHbyKmG7dc0klnUZ9Dd9hS6N/POPWhKhMLCEuNN5nXEY5agmlFtH562vqhQ==",
        "dependencies": {
          "Microsoft.Extensions.Primitives": "8.0.0",
          "System.ValueTuple": "4.5.0"
        }
      },
      "Microsoft.Extensions.Configuration.Binder": {
        "type": "Transitive",
        "resolved": "8.0.2",
        "contentHash": "7IQhGK+wjyGrNsPBjJcZwWAr+Wf6D4+TwOptUt77bWtgNkiV8tDEbhFS+dDamtQFZ2X7kWG9m71iZQRj2x3zgQ==",
        "dependencies": {
          "Microsoft.Extensions.Configuration.Abstractions": "8.0.0"
        }
      },
      "Microsoft.Extensions.Configuration.EnvironmentVariables": {
        "type": "Transitive",
        "resolved": "8.0.0",
        "contentHash": "plvZ0ZIpq+97gdPNNvhwvrEZ92kNml9hd1pe3idMA7svR0PztdzVLkoWLcRFgySYXUJc3kSM3Xw3mNFMo/bxRA==",
        "dependencies": {
          "Microsoft.Extensions.Configuration": "8.0.0",
          "Microsoft.Extensions.Configuration.Abstractions": "8.0.0"
        }
      },
      "Microsoft.Extensions.Configuration.FileExtensions": {
        "type": "Transitive",
        "resolved": "8.0.1",
        "contentHash": "EJzSNO9oaAXnTdtdNO6npPRsIIeZCBSNmdQ091VDO7fBiOtJAAeEq6dtrVXIi3ZyjC5XRSAtVvF8SzcneRHqKQ==",
        "dependencies": {
          "Microsoft.Extensions.Configuration": "8.0.0",
          "Microsoft.Extensions.Configuration.Abstractions": "8.0.0",
          "Microsoft.Extensions.FileProviders.Abstractions": "8.0.0",
          "Microsoft.Extensions.FileProviders.Physical": "8.0.0",
          "Microsoft.Extensions.Primitives": "8.0.0"
        }
      },
      "Microsoft.Extensions.DependencyInjection": {
        "type": "Transitive",
        "resolved": "8.0.1",
        "contentHash": "BmANAnR5Xd4Oqw7yQ75xOAYODybZQRzdeNucg7kS5wWKd2PNnMdYtJ2Vciy0QLylRmv42DGl5+AFL9izA6F1Rw==",
        "dependencies": {
          "Microsoft.Bcl.AsyncInterfaces": "8.0.0",
          "Microsoft.Extensions.DependencyInjection.Abstractions": "8.0.2",
          "System.Threading.Tasks.Extensions": "4.5.4"
        }
      },
      "Microsoft.Extensions.DependencyInjection.Abstractions": {
        "type": "Transitive",
        "resolved": "8.0.2",
        "contentHash": "3iE7UF7MQkCv1cxzCahz+Y/guQbTqieyxyaWKhrRO91itI9cOKO76OHeQDahqG4MmW5umr3CcCvGmK92lWNlbg==",
        "dependencies": {
          "Microsoft.Bcl.AsyncInterfaces": "8.0.0",
          "System.Threading.Tasks.Extensions": "4.5.4"
        }
      },
      "Microsoft.Extensions.Diagnostics.Abstractions": {
        "type": "Transitive",
        "resolved": "8.0.1",
        "contentHash": "elH2vmwNmsXuKmUeMQ4YW9ldXiF+gSGDgg1vORksob5POnpaI6caj1Hu8zaYbEuibhqCoWg0YRWDazBY3zjBfg==",
        "dependencies": {
          "Microsoft.Extensions.DependencyInjection.Abstractions": "8.0.2",
          "Microsoft.Extensions.Options": "8.0.2",
          "System.Buffers": "4.5.1",
          "System.Diagnostics.DiagnosticSource": "8.0.1",
          "System.Memory": "4.5.5"
        }
      },
      "Microsoft.Extensions.FileProviders.Abstractions": {
        "type": "Transitive",
        "resolved": "8.0.0",
        "contentHash": "ZbaMlhJlpisjuWbvXr4LdAst/1XxH3vZ6A0BsgTphZ2L4PGuxRLz7Jr/S7mkAAnOn78Vu0fKhEgNF5JO3zfjqQ==",
        "dependencies": {
          "Microsoft.Extensions.Primitives": "8.0.0"
        }
      },
      "Microsoft.Extensions.FileProviders.Physical": {
        "type": "Transitive",
        "resolved": "8.0.0",
        "contentHash": "UboiXxpPUpwulHvIAVE36Knq0VSHaAmfrFkegLyBZeaADuKezJ/AIXYAW8F5GBlGk/VaibN2k/Zn1ca8YAfVdA==",
        "dependencies": {
          "Microsoft.Extensions.FileProviders.Abstractions": "8.0.0",
          "Microsoft.Extensions.FileSystemGlobbing": "8.0.0",
          "Microsoft.Extensions.Primitives": "8.0.0"
        }
      },
      "Microsoft.Extensions.FileSystemGlobbing": {
        "type": "Transitive",
        "resolved": "8.0.0",
        "contentHash": "OK+670i7esqlQrPjdIKRbsyMCe9g5kSLpRRQGSr4Q58AOYEe/hCnfLZprh7viNisSUUQZmMrbbuDaIrP+V1ebQ=="
      },
      "Microsoft.Extensions.Hosting.Abstractions": {
        "type": "Transitive",
        "resolved": "8.0.1",
        "contentHash": "nHwq9aPBdBPYXPti6wYEEfgXddfBrYC+CQLn+qISiwQq5tpfaqDZSKOJNxoe9rfQxGf1c+2wC/qWFe1QYJPYqw==",
        "dependencies": {
          "Microsoft.Bcl.AsyncInterfaces": "8.0.0",
          "Microsoft.Extensions.Configuration.Abstractions": "8.0.0",
          "Microsoft.Extensions.DependencyInjection.Abstractions": "8.0.2",
          "Microsoft.Extensions.Diagnostics.Abstractions": "8.0.1",
          "Microsoft.Extensions.FileProviders.Abstractions": "8.0.0",
          "Microsoft.Extensions.Logging.Abstractions": "8.0.2",
          "System.Threading.Tasks.Extensions": "4.5.4"
        }
      },
      "Microsoft.Extensions.Logging": {
        "type": "Transitive",
        "resolved": "8.0.1",
        "contentHash": "4x+pzsQEbqxhNf1QYRr5TDkLP9UsLT3A6MdRKDDEgrW7h1ljiEPgTNhKYUhNCCAaVpQECVQ+onA91PTPnIp6Lw==",
        "dependencies": {
          "Microsoft.Bcl.AsyncInterfaces": "8.0.0",
          "Microsoft.Extensions.DependencyInjection": "8.0.1",
          "Microsoft.Extensions.Logging.Abstractions": "8.0.2",
          "Microsoft.Extensions.Options": "8.0.2",
          "System.Diagnostics.DiagnosticSource": "8.0.1",
          "System.ValueTuple": "4.5.0"
        }
      },
      "Microsoft.Extensions.Logging.Abstractions": {
        "type": "Transitive",
        "resolved": "8.0.2",
        "contentHash": "nroMDjS7hNBPtkZqVBbSiQaQjWRDxITI8Y7XnDs97rqG3EbzVTNLZQf7bIeUJcaHOV8bca47s1Uxq94+2oGdxA==",
        "dependencies": {
          "Microsoft.Extensions.DependencyInjection.Abstractions": "8.0.2",
          "System.Buffers": "4.5.1",
          "System.Diagnostics.DiagnosticSource": "8.0.1",
          "System.Memory": "4.5.5"
        }
      },
      "Microsoft.Extensions.Logging.Debug": {
        "type": "Transitive",
        "resolved": "8.0.1",
        "contentHash": "B8hqNuYudC2RB+L/DI33uO4rf5by41fZVdcVL2oZj0UyoAZqnwTwYHp1KafoH4nkl1/23piNeybFFASaV2HkFg==",
        "dependencies": {
          "Microsoft.Extensions.DependencyInjection.Abstractions": "8.0.2",
          "Microsoft.Extensions.Logging": "8.0.1",
          "Microsoft.Extensions.Logging.Abstractions": "8.0.2"
        }
      },
      "Microsoft.Extensions.ObjectPool": {
        "type": "Transitive",
        "resolved": "8.0.11",
        "contentHash": "6ApKcHNJigXBfZa6XlDQ8feJpq7SG1ogZXg6M4FiNzgd6irs3LUAzo0Pfn4F2ZI9liGnH1XIBR/OtSbZmJAV5w=="
      },
      "Microsoft.Extensions.Options": {
        "type": "Transitive",
        "resolved": "8.0.2",
        "contentHash": "dWGKvhFybsaZpGmzkGCbNNwBD1rVlWzrZKANLW/CcbFJpCEceMCGzT7zZwHOGBCbwM0SzBuceMj5HN1LKV1QqA==",
        "dependencies": {
          "Microsoft.Extensions.DependencyInjection.Abstractions": "8.0.0",
          "Microsoft.Extensions.Primitives": "8.0.0",
          "System.ValueTuple": "4.5.0"
        }
      },
      "Microsoft.Extensions.Primitives": {
        "type": "Transitive",
        "resolved": "8.0.0",
        "contentHash": "bXJEZrW9ny8vjMF1JV253WeLhpEVzFo1lyaZu1vQ4ZxWUlVvknZ/+ftFgVheLubb4eZPSwwxBeqS1JkCOjxd8g==",
        "dependencies": {
          "System.Memory": "4.5.5",
          "System.Runtime.CompilerServices.Unsafe": "6.0.0"
        }
      },
      "Microsoft.Net.Http.Headers": {
        "type": "Transitive",
        "resolved": "2.3.12",
        "contentHash": "lh9agX9zEuQy69kxwPTT2+OmK2Y49OA8r7qdwZNWNKGug45V050HLH3xhPF23y4sr5Nl6JKXo0AofCwxkNd6zw==",
        "dependencies": {
          "Microsoft.Extensions.Primitives": "8.0.0",
          "System.Buffers": "4.6.0"
        }
      },
      "Microsoft.NETFramework.ReferenceAssemblies.net472": {
        "type": "Transitive",
        "resolved": "1.0.3",
        "contentHash": "0E7evZXHXaDYYiLRfpyXvCh+yzM2rNTyuZDI+ZO7UUqSc6GfjePiXTdqJGtgIKUwdI81tzQKmaWprnUiPj9hAw=="
      },
      "Mono.Cecil": {
        "type": "Transitive",
        "resolved": "0.11.4",
        "contentHash": "IC1h5g0NeJGHIUgzM1P82ld57knhP0IcQfrYITDPXlNpMYGUrsG5TxuaWTjaeqDNQMBDNZkB8L0rBnwsY6JHuQ=="
      },
      "MonoMod.RuntimeDetour": {
        "type": "Transitive",
        "resolved": "21.12.13.1",
        "contentHash": "65mB+bHjT6UCGCgO+/pYhpuGPf96rQ1Whwkut/x7cqVIW0DTndDFyWc/3bngzhnY/Y6IYtBMlXsU2ATq+CxpHg==",
        "dependencies": {
          "Mono.Cecil": "0.11.4",
          "MonoMod.Utils": "21.12.13.1"
        }
      },
      "MonoMod.Utils": {
        "type": "Transitive",
        "resolved": "21.12.13.1",
        "contentHash": "/H+0RMWqx/D1/fSuY5jhY6GFvqhdYdlnI7J3IfL8P6y4nJkoZDxqts6+RxWWOz4pbnJdWnxSjS8XG+Lq6rUi7w==",
        "dependencies": {
          "Mono.Cecil": "0.11.4"
        }
      },
      "System.Buffers": {
        "type": "Transitive",
        "resolved": "4.6.1",
        "contentHash": "N8GXpmiLMtljq7gwvyS+1QvKT/W2J8sNAvx+HVg4NGmsG/H+2k/y9QI23auLJRterrzCiDH+IWAw4V/GPwsMlw=="
      },
      "System.Collections.Immutable": {
        "type": "Transitive",
        "resolved": "8.0.0",
        "contentHash": "AurL6Y5BA1WotzlEvVaIDpqzpIPvYnnldxru8oXJU2yFxFUy3+pNXjXd1ymO+RA0rq0+590Q8gaz2l3Sr7fmqg==",
        "dependencies": {
          "System.Memory": "4.5.5",
          "System.Runtime.CompilerServices.Unsafe": "6.0.0"
        }
      },
      "System.Diagnostics.DiagnosticSource": {
        "type": "Transitive",
        "resolved": "8.0.1",
        "contentHash": "vaoWjvkG1aenR2XdjaVivlCV9fADfgyhW5bZtXT23qaEea0lWiUljdQuze4E31vKM7ZWJaSUsbYIKE3rnzfZUg==",
        "dependencies": {
          "System.Memory": "4.5.5",
          "System.Runtime.CompilerServices.Unsafe": "6.0.0"
        }
      },
      "System.IO": {
        "type": "Transitive",
        "resolved": "4.3.0",
        "contentHash": "3qjaHvxQPDpSOYICjUoTsmoq5u6QJAFRUITgeT/4gqkF1bajbSmb1kwSxEA8AHlofqgcKJcM8udgieRNhaJ5Cg=="
      },
      "System.IO.Pipelines": {
        "type": "Transitive",
        "resolved": "8.0.0",
        "contentHash": "FHNOatmUq0sqJOkTx+UF/9YK1f180cnW5FVqnQMvYUN0elp6wFzbtPSiqbo1/ru8ICp43JM1i7kKkk6GsNGHlA==",
        "dependencies": {
          "System.Buffers": "4.5.1",
          "System.Memory": "4.5.5",
          "System.Threading.Tasks.Extensions": "4.5.4"
        }
      },
      "System.Memory": {
        "type": "Transitive",
        "resolved": "4.6.3",
        "contentHash": "qdcDOgnFZY40+Q9876JUHnlHu7bosOHX8XISRoH94fwk6hgaeQGSgfZd8srWRZNt5bV9ZW2TljcegDNxsf+96A==",
        "dependencies": {
          "System.Buffers": "4.6.1",
          "System.Numerics.Vectors": "4.6.1",
          "System.Runtime.CompilerServices.Unsafe": "6.1.2"
        }
      },
      "System.Numerics.Vectors": {
        "type": "Transitive",
        "resolved": "4.6.1",
        "contentHash": "sQxefTnhagrhoq2ReR0D/6K0zJcr9Hrd6kikeXsA1I8kOCboTavcUC4r7TSfpKFeE163uMuxZcyfO1mGO3EN8Q=="
      },
      "System.Reflection.Metadata": {
        "type": "Transitive",
        "resolved": "8.0.1",
        "contentHash": "+4sz5vGHPlo+5NpAxf2IlABnqVvOHOxv17b4dONv4hVwyNeFAeBevT14DIn7X3YWQ+eQFYO3YeTBNCleAblOKA==",
        "dependencies": {
          "System.Collections.Immutable": "8.0.0",
          "System.Memory": "4.5.5"
        }
      },
      "System.Runtime": {
        "type": "Transitive",
        "resolved": "4.3.0",
        "contentHash": "JufQi0vPQ0xGnAczR13AUFglDyVYt4Kqnz1AZaiKZ5+GICq0/1MH/mO/eAJHt/mHW1zjKBJd7kV26SrxddAhiw=="
      },
      "System.Runtime.CompilerServices.Unsafe": {
        "type": "Transitive",
        "resolved": "6.1.2",
        "contentHash": "2hBr6zdbIBTDE3EhK7NSVNdX58uTK6iHW/P/Axmm9sl1xoGSLqDvMtpecn226TNwHByFokYwJmt/aQQNlO5CRw=="
      },
      "System.Security.Cryptography.Algorithms": {
        "type": "Transitive",
        "resolved": "4.3.1",
        "contentHash": "DVUblnRfnarrI5olEC2B/OCsJQd0anjVaObQMndHSc43efbc88/RMOlDyg/EyY0ix5ecyZMXS8zMksb5ukebZA==",
        "dependencies": {
          "System.IO": "4.3.0",
          "System.Runtime": "4.3.0",
          "System.Security.Cryptography.Encoding": "4.3.0",
          "System.Security.Cryptography.Primitives": "4.3.0"
        }
      },
      "System.Security.Cryptography.Cng": {
        "type": "Transitive",
        "resolved": "5.0.0",
        "contentHash": "jIMXsKn94T9JY7PvPq/tMfqa6GAaHpElRDpmG+SuL+D3+sTw2M8VhnibKnN8Tq+4JqbPJ/f+BwtLeDMEnzAvRg==",
        "dependencies": {
          "System.Security.Cryptography.Algorithms": "4.3.1"
        }
      },
      "System.Security.Cryptography.Encoding": {
        "type": "Transitive",
        "resolved": "4.3.0",
        "contentHash": "1DEWjZZly9ae9C79vFwqaO5kaOlI5q+3/55ohmq/7dpDyDfc8lYe7YVxJUZ5MF/NtbkRjwFRo14yM4OEo9EmDw=="
      },
      "System.Security.Cryptography.Primitives": {
        "type": "Transitive",
        "resolved": "4.3.0",
        "contentHash": "7bDIyVFNL/xKeFHjhobUAQqSpJq9YTOpbEs6mR233Et01STBMXNAc/V+BM6dwYGc95gVh/Zf+iVXWzj3mE8DWg=="
      },
      "System.Text.Encodings.Web": {
        "type": "Transitive",
        "resolved": "8.0.0",
        "contentHash": "yev/k9GHAEGx2Rg3/tU6MQh4HGBXJs70y7j1LaM1i/ER9po+6nnQ6RRqTJn1E7Xu0fbIFK80Nh5EoODxrbxwBQ==",
        "dependencies": {
          "System.Buffers": "4.5.1",
          "System.Memory": "4.5.5",
          "System.Runtime.CompilerServices.Unsafe": "6.0.0"
        }
      },
      "System.Threading.Tasks.Extensions": {
        "type": "Transitive",
        "resolved": "4.6.3",
        "contentHash": "7sCiwilJLYbTZELaKnc7RecBBXWXA+xMLQWZKWawBxYjp6DBlSE3v9/UcvKBvr1vv2tTOhipiogM8rRmxlhrVA==",
        "dependencies": {
          "System.Runtime.CompilerServices.Unsafe": "6.1.2"
        }
      },
      "System.ValueTuple": {
        "type": "Transitive",
        "resolved": "4.5.0",
        "contentHash": "okurQJO6NRE/apDIP23ajJ0hpiNmJ+f0BwOlB/cSqTLQlw5upkf+5+96+iG2Jw40G1fCVCyPz/FhIABUjMR+RQ=="
      },
      "uxassist": {
        "type": "Project",
        "dependencies": {
          "BepInEx.Core": "[5.*, )",
          "BepInEx.PluginInfoProps": "[1.*, )",
          "DysonSphereProgram.Modding.CommonAPI": "[1.*, )",
          "DysonSphereProgram.Modding.DSPModSave": "[1.*, )",
          "UnityEngine.Modules": "[2022.3.62, )"
        }
      }
    }
  }
}